
Microsoft Visual Studio Solution File, Format Version 12.00
# Visual Studio 2012
Project("{FAE04EC0-301F-11D3-BF4B-00C04F79EFBC}") = "ReactiveUITest", "ReactiveUITest\ReactiveUITest.csproj", "{F4FEA3DC-7134-4B89-A3A7-ED45DFB34B16}"
EndProject
Global
	GlobalSection(SolutionConfigurationPlatforms) = preSolution
		Debug|Any CPU = Debug|Any CPU
		Release|Any CPU = Release|Any CPU
	EndGlobalSection
	GlobalSection(ProjectConfigurationPlatforms) = postSolution
		{F4FEA3DC-7134-4B89-A3A7-ED45DFB34B16}.Debug|Any CPU.ActiveCfg = Debug|Any CPU
		{F4FEA3DC-7134-4B89-A3A7-ED45DFB34B16}.Debug|Any CPU.Build.0 = Debug|Any CPU
		{F4FEA3DC-7134-4B89-A3A7-ED45DFB34B16}.Release|Any CPU.ActiveCfg = Release|Any CPU
		{F4FEA3DC-7134-4B89-A3A7-ED45DFB34B16}.Release|Any CPU.Build.0 = Release|Any CPU
	EndGlobalSection
EndGlobal
